
Microsoft Visual Studio Solution File, Format Version 12.00
# Visual Studio Version 16
VisualStudioVersion = 16.0.31129.286
MinimumVisualStudioVersion = 10.0.40219.1
Project("{FAE04EC0-301F-11D3-BF4B-00C04F79EFBC}") = "AspDotNetCoreWebApp", "AspDotNetCoreWebApp\AspDotNetCoreWebApp.csproj", "{AEF26745-0CD5-47C6-8604-254BE7070852}"
EndProject
Project("{2150E333-8FDC-42A3-9474-1A3956D46DE8}") = "Common", "Common", "{5D876EAB-22A3-470A-98AB-EF3663D7CD50}"
EndProject
Project("{2150E333-8FDC-42A3-9474-1A3956D46DE8}") = "DAL", "DAL", "{ABB3B140-54EA-426C-AE8A-54A421DC18C7}"
EndProject
Project("{2150E333-8FDC-42A3-9474-1A3956D46DE8}") = "BLL", "BLL", "{145C59F7-491B-4714-9F0A-234128D1DA6F}"
EndProject
Project("{2150E333-8FDC-42A3-9474-1A3956D46DE8}") = "Tests", "Tests", "{2C26CD8A-CF69-438D-9E8C-0113FB844700}"
	ProjectSection(SolutionItems) = preProject
		Tests\Tests.csproj = Tests\Tests.csproj
	EndProjectSection
EndProject
Project("{9A19103F-16F7-4668-BE54-9A1E7A4F7556}") = "BusinessServices", "BusinessServices\BusinessServices.csproj", "{1B009A98-C978-4A4F-A594-F365C443A693}"
EndProject
Project("{9A19103F-16F7-4668-BE54-9A1E7A4F7556}") = "IBusinessServices", "IBusinessServices\IBusinessServices.csproj", "{5A49A700-C638-47AD-9F35-880F3F24220C}"
EndProject
Project("{9A19103F-16F7-4668-BE54-9A1E7A4F7556}") = "Common", "Common\Common.csproj", "{6D9368FE-CF82-49BA-86B4-71F64074D22E}"
EndProject
Project("{9A19103F-16F7-4668-BE54-9A1E7A4F7556}") = "IDataAccess", "IDataAccess\IDataAccess.csproj", "{EE11B2C7-C550-407F-94CD-27BC828E3AAA}"
EndProject
Project("{9A19103F-16F7-4668-BE54-9A1E7A4F7556}") = "DataAccess", "DataAccess\DataAccess.csproj", "{65C5F3B0-88B8-4193-82EE-C6D05627E8CF}"
EndProject
Project("{9A19103F-16F7-4668-BE54-9A1E7A4F7556}") = "EF", "EF\EF.csproj", "{FD7D1F38-3343-4F33-A53F-4502DB01690C}"
EndProject
Project("{9A19103F-16F7-4668-BE54-9A1E7A4F7556}") = "DI", "DI\DI.csproj", "{2DC28BF3-4850-4C58-BB58-CF004C1659D4}"
EndProject
Project("{9A19103F-16F7-4668-BE54-9A1E7A4F7556}") = "Domain", "Domain\Domain.csproj", "{F551B57A-26B6-4122-8C1B-173F3D73D4EA}"
EndProject
Global
	GlobalSection(SolutionConfigurationPlatforms) = preSolution
		Debug|Any CPU = Debug|Any CPU
		Release|Any CPU = Release|Any CPU
	EndGlobalSection
	GlobalSection(ProjectConfigurationPlatforms) = postSolution
		{AEF26745-0CD5-47C6-8604-254BE7070852}.Debug|Any CPU.ActiveCfg = Debug|Any CPU
		{AEF26745-0CD5-47C6-8604-254BE7070852}.Debug|Any CPU.Build.0 = Debug|Any CPU
		{AEF26745-0CD5-47C6-8604-254BE7070852}.Release|Any CPU.ActiveCfg = Release|Any CPU
		{AEF26745-0CD5-47C6-8604-254BE7070852}.Release|Any CPU.Build.0 = Release|Any CPU
		{1B009A98-C978-4A4F-A594-F365C443A693}.Debug|Any CPU.ActiveCfg = Debug|Any CPU
		{1B009A98-C978-4A4F-A594-F365C443A693}.Debug|Any CPU.Build.0 = Debug|Any CPU
		{1B009A98-C978-4A4F-A594-F365C443A693}.Release|Any CPU.ActiveCfg = Release|Any CPU
		{1B009A98-C978-4A4F-A594-F365C443A693}.Release|Any CPU.Build.0 = Release|Any CPU
		{5A49A700-C638-47AD-9F35-880F3F24220C}.Debug|Any CPU.ActiveCfg = Debug|Any CPU
		{5A49A700-C638-47AD-9F35-880F3F24220C}.Debug|Any CPU.Build.0 = Debug|Any CPU
		{5A49A700-C638-47AD-9F35-880F3F24220C}.Release|Any CPU.ActiveCfg = Release|Any CPU
		{5A49A700-C638-47AD-9F35-880F3F24220C}.Release|Any CPU.Build.0 = Release|Any CPU
		{6D9368FE-CF82-49BA-86B4-71F64074D22E}.Debug|Any CPU.ActiveCfg = Debug|Any CPU
		{6D9368FE-CF82-49BA-86B4-71F64074D22E}.Debug|Any CPU.Build.0 = Debug|Any CPU
		{6D9368FE-CF82-49BA-86B4-71F64074D22E}.Release|Any CPU.ActiveCfg = Release|Any CPU
		{6D9368FE-CF82-49BA-86B4-71F64074D22E}.Release|Any CPU.Build.0 = Release|Any CPU
		{EE11B2C7-C550-407F-94CD-27BC828E3AAA}.Debug|Any CPU.ActiveCfg = Debug|Any CPU
		{EE11B2C7-C550-407F-94CD-27BC828E3AAA}.Debug|Any CPU.Build.0 = Debug|Any CPU
		{EE11B2C7-C550-407F-94CD-27BC828E3AAA}.Release|Any CPU.ActiveCfg = Release|Any CPU
		{EE11B2C7-C550-407F-94CD-27BC828E3AAA}.Release|Any CPU.Build.0 = Release|Any CPU
		{65C5F3B0-88B8-4193-82EE-C6D05627E8CF}.Debug|Any CPU.ActiveCfg = Debug|Any CPU
		{65C5F3B0-88B8-4193-82EE-C6D05627E8CF}.Debug|Any CPU.Build.0 = Debug|Any CPU
		{65C5F3B0-88B8-4193-82EE-C6D05627E8CF}.Release|Any CPU.ActiveCfg = Release|Any CPU
		{65C5F3B0-88B8-4193-82EE-C6D05627E8CF}.Release|Any CPU.Build.0 = Release|Any CPU
		{FD7D1F38-3343-4F33-A53F-4502DB01690C}.Debug|Any CPU.ActiveCfg = Debug|Any CPU
		{FD7D1F38-3343-4F33-A53F-4502DB01690C}.Debug|Any CPU.Build.0 = Debug|Any CPU
		{FD7D1F38-3343-4F33-A53F-4502DB01690C}.Release|Any CPU.ActiveCfg = Release|Any CPU
		{FD7D1F38-3343-4F33-A53F-4502DB01690C}.Release|Any CPU.Build.0 = Release|Any CPU
		{2DC28BF3-4850-4C58-BB58-CF004C1659D4}.Debug|Any CPU.ActiveCfg = Debug|Any CPU
		{2DC28BF3-4850-4C58-BB58-CF004C1659D4}.Debug|Any CPU.Build.0 = Debug|Any CPU
		{2DC28BF3-4850-4C58-BB58-CF004C1659D4}.Release|Any CPU.ActiveCfg = Release|Any CPU
		{2DC28BF3-4850-4C58-BB58-CF004C1659D4}.Release|Any CPU.Build.0 = Release|Any CPU
		{F551B57A-26B6-4122-8C1B-173F3D73D4EA}.Debug|Any CPU.ActiveCfg = Debug|Any CPU
		{F551B57A-26B6-4122-8C1B-173F3D73D4EA}.Debug|Any CPU.Build.0 = Debug|Any CPU
		{F551B57A-26B6-4122-8C1B-173F3D73D4EA}.Release|Any CPU.ActiveCfg = Release|Any CPU
		{F551B57A-26B6-4122-8C1B-173F3D73D4EA}.Release|Any CPU.Build.0 = Release|Any CPU
	EndGlobalSection
	GlobalSection(SolutionProperties) = preSolution
		HideSolutionNode = FALSE
	EndGlobalSection
	GlobalSection(NestedProjects) = preSolution
		{1B009A98-C978-4A4F-A594-F365C443A693} = {145C59F7-491B-4714-9F0A-234128D1DA6F}
		{5A49A700-C638-47AD-9F35-880F3F24220C} = {145C59F7-491B-4714-9F0A-234128D1DA6F}
		{6D9368FE-CF82-49BA-86B4-71F64074D22E} = {5D876EAB-22A3-470A-98AB-EF3663D7CD50}
		{EE11B2C7-C550-407F-94CD-27BC828E3AAA} = {ABB3B140-54EA-426C-AE8A-54A421DC18C7}
		{65C5F3B0-88B8-4193-82EE-C6D05627E8CF} = {ABB3B140-54EA-426C-AE8A-54A421DC18C7}
		{FD7D1F38-3343-4F33-A53F-4502DB01690C} = {ABB3B140-54EA-426C-AE8A-54A421DC18C7}
		{2DC28BF3-4850-4C58-BB58-CF004C1659D4} = {5D876EAB-22A3-470A-98AB-EF3663D7CD50}
		{F551B57A-26B6-4122-8C1B-173F3D73D4EA} = {5D876EAB-22A3-470A-98AB-EF3663D7CD50}
	EndGlobalSection
	GlobalSection(ExtensibilityGlobals) = postSolution
		SolutionGuid = {2E9056F7-1446-467D-AF3D-707D09E41DDA}
	EndGlobalSection
EndGlobal
