
Microsoft Visual Studio Solution File, Format Version 12.00
# Visual Studio Version 16
VisualStudioVersion = 16.0.31129.286
MinimumVisualStudioVersion = 10.0.40219.1
Project("{FAE04EC0-301F-11D3-BF4B-00C04F79EFBC}") = "AspDotNetCoreWebApp", "AspDotNetCoreWebApp\AspDotNetCoreWebApp.csproj", "{AEF26745-0CD5-47C6-8604-254BE7070852}"
EndProject
Global
	GlobalSection(SolutionConfigurationPlatforms) = preSolution
		Debug|Any CPU = Debug|Any CPU
		Release|Any CPU = Release|Any CPU
	EndGlobalSection
	GlobalSection(ProjectConfigurationPlatforms) = postSolution
		{AEF26745-0CD5-47C6-8604-254BE7070852}.Debug|Any CPU.ActiveCfg = Debug|Any CPU
		{AEF26745-0CD5-47C6-8604-254BE7070852}.Debug|Any CPU.Build.0 = Debug|Any CPU
		{AEF26745-0CD5-47C6-8604-254BE7070852}.Release|Any CPU.ActiveCfg = Release|Any CPU
		{AEF26745-0CD5-47C6-8604-254BE7070852}.Release|Any CPU.Build.0 = Release|Any CPU
	EndGlobalSection
	GlobalSection(SolutionProperties) = preSolution
		HideSolutionNode = FALSE
	EndGlobalSection
	GlobalSection(ExtensibilityGlobals) = postSolution
		SolutionGuid = {2E9056F7-1446-467D-AF3D-707D09E41DDA}
	EndGlobalSection
EndGlobal
